
Microsoft Visual Studio Solution File, Format Version 12.00
# Visual Studio 14
VisualStudioVersion = 14.0.25420.1
MinimumVisualStudioVersion = 10.0.40219.1
Project("{8BC9CEB8-8B4A-11D0-8D11-00A0C91BC942}") = "SetAndMap", "TestCplus\TestCplus.vcxproj", "{D06D0B0D-DD9F-4E77-B3ED-8506E93F2581}"
EndProject
Project("{8BC9CEB8-8B4A-11D0-8D11-00A0C91BC942}") = "Tuple", "Tuple\Tuple.vcxproj", "{B96847F0-8794-4CD3-B294-9DCDB7B5DD24}"
EndProject
Project("{8BC9CEB8-8B4A-11D0-8D11-00A0C91BC942}") = "Args_ellipsis", "Args_ellipsis\Args_ellipsis.vcxproj", "{83887CD5-192C-47FC-9B72-70A8938728D4}"
EndProject
Project("{8BC9CEB8-8B4A-11D0-8D11-00A0C91BC942}") = "ConsoleApplication1", "ConsoleApplication1\ConsoleApplication1.vcxproj", "{2940EAD7-083A-490C-B871-4464719A58E0}"
EndProject
Project("{8BC9CEB8-8B4A-11D0-8D11-00A0C91BC942}") = "ConsoleApplication2", "ConsoleApplication2\ConsoleApplication2.vcxproj", "{82D51B3D-9BEC-41B5-8DC5-7A02B66BE254}"
EndProject
Project("{8BC9CEB8-8B4A-11D0-8D11-00A0C91BC942}") = "ConsoleApplication3", "ConsoleApplication3\ConsoleApplication3.vcxproj", "{92E616F1-608F-42D9-B2E2-7DA8BD373E9A}"
EndProject
Project("{8BC9CEB8-8B4A-11D0-8D11-00A0C91BC942}") = "emplace_back", "emplace_back\emplace_back.vcxproj", "{D883F434-1ECE-4032-B3C2-69012D071FED}"
EndProject
Project("{8BC9CEB8-8B4A-11D0-8D11-00A0C91BC942}") = "initializer_list", "initializer_list\initializer_list.vcxproj", "{3065CF0F-B410-401B-B6F0-CE9D7DF90B62}"
EndProject
Project("{8BC9CEB8-8B4A-11D0-8D11-00A0C91BC942}") = "remove_reference", "remove_reference\remove_reference.vcxproj", "{E3AEF355-44A7-4809-B7BE-420577B0DD7B}"
EndProject
Project("{8BC9CEB8-8B4A-11D0-8D11-00A0C91BC942}") = "forward", "forward\forward.vcxproj", "{2184A9F9-A239-41BC-827A-E26718B3B0C5}"
EndProject
Project("{8BC9CEB8-8B4A-11D0-8D11-00A0C91BC942}") = "lvalue_rvalue", "lvalue_rvalue\lvalue_rvalue.vcxproj", "{706E9FC2-0BEA-4EEF-BFFA-148A7FBFF816}"
EndProject
Global
	GlobalSection(SolutionConfigurationPlatforms) = preSolution
		Debug|x64 = Debug|x64
		Debug|x86 = Debug|x86
		Release|x64 = Release|x64
		Release|x86 = Release|x86
	EndGlobalSection
	GlobalSection(ProjectConfigurationPlatforms) = postSolution
		{D06D0B0D-DD9F-4E77-B3ED-8506E93F2581}.Debug|x64.ActiveCfg = Debug|x64
		{D06D0B0D-DD9F-4E77-B3ED-8506E93F2581}.Debug|x64.Build.0 = Debug|x64
		{D06D0B0D-DD9F-4E77-B3ED-8506E93F2581}.Debug|x86.ActiveCfg = Debug|Win32
		{D06D0B0D-DD9F-4E77-B3ED-8506E93F2581}.Debug|x86.Build.0 = Debug|Win32
		{D06D0B0D-DD9F-4E77-B3ED-8506E93F2581}.Release|x64.ActiveCfg = Release|x64
		{D06D0B0D-DD9F-4E77-B3ED-8506E93F2581}.Release|x64.Build.0 = Release|x64
		{D06D0B0D-DD9F-4E77-B3ED-8506E93F2581}.Release|x86.ActiveCfg = Release|Win32
		{D06D0B0D-DD9F-4E77-B3ED-8506E93F2581}.Release|x86.Build.0 = Release|Win32
		{B96847F0-8794-4CD3-B294-9DCDB7B5DD24}.Debug|x64.ActiveCfg = Debug|x64
		{B96847F0-8794-4CD3-B294-9DCDB7B5DD24}.Debug|x64.Build.0 = Debug|x64
		{B96847F0-8794-4CD3-B294-9DCDB7B5DD24}.Debug|x86.ActiveCfg = Debug|Win32
		{B96847F0-8794-4CD3-B294-9DCDB7B5DD24}.Debug|x86.Build.0 = Debug|Win32
		{B96847F0-8794-4CD3-B294-9DCDB7B5DD24}.Release|x64.ActiveCfg = Release|x64
		{B96847F0-8794-4CD3-B294-9DCDB7B5DD24}.Release|x64.Build.0 = Release|x64
		{B96847F0-8794-4CD3-B294-9DCDB7B5DD24}.Release|x86.ActiveCfg = Release|Win32
		{B96847F0-8794-4CD3-B294-9DCDB7B5DD24}.Release|x86.Build.0 = Release|Win32
		{83887CD5-192C-47FC-9B72-70A8938728D4}.Debug|x64.ActiveCfg = Debug|x64
		{83887CD5-192C-47FC-9B72-70A8938728D4}.Debug|x64.Build.0 = Debug|x64
		{83887CD5-192C-47FC-9B72-70A8938728D4}.Debug|x86.ActiveCfg = Debug|Win32
		{83887CD5-192C-47FC-9B72-70A8938728D4}.Debug|x86.Build.0 = Debug|Win32
		{83887CD5-192C-47FC-9B72-70A8938728D4}.Release|x64.ActiveCfg = Release|x64
		{83887CD5-192C-47FC-9B72-70A8938728D4}.Release|x64.Build.0 = Release|x64
		{83887CD5-192C-47FC-9B72-70A8938728D4}.Release|x86.ActiveCfg = Release|Win32
		{83887CD5-192C-47FC-9B72-70A8938728D4}.Release|x86.Build.0 = Release|Win32
		{2940EAD7-083A-490C-B871-4464719A58E0}.Debug|x64.ActiveCfg = Debug|x64
		{2940EAD7-083A-490C-B871-4464719A58E0}.Debug|x64.Build.0 = Debug|x64
		{2940EAD7-083A-490C-B871-4464719A58E0}.Debug|x86.ActiveCfg = Debug|Win32
		{2940EAD7-083A-490C-B871-4464719A58E0}.Debug|x86.Build.0 = Debug|Win32
		{2940EAD7-083A-490C-B871-4464719A58E0}.Release|x64.ActiveCfg = Release|x64
		{2940EAD7-083A-490C-B871-4464719A58E0}.Release|x64.Build.0 = Release|x64
		{2940EAD7-083A-490C-B871-4464719A58E0}.Release|x86.ActiveCfg = Release|Win32
		{2940EAD7-083A-490C-B871-4464719A58E0}.Release|x86.Build.0 = Release|Win32
		{82D51B3D-9BEC-41B5-8DC5-7A02B66BE254}.Debug|x64.ActiveCfg = Debug|x64
		{82D51B3D-9BEC-41B5-8DC5-7A02B66BE254}.Debug|x64.Build.0 = Debug|x64
		{82D51B3D-9BEC-41B5-8DC5-7A02B66BE254}.Debug|x86.ActiveCfg = Debug|Win32
		{82D51B3D-9BEC-41B5-8DC5-7A02B66BE254}.Debug|x86.Build.0 = Debug|Win32
		{82D51B3D-9BEC-41B5-8DC5-7A02B66BE254}.Release|x64.ActiveCfg = Release|x64
		{82D51B3D-9BEC-41B5-8DC5-7A02B66BE254}.Release|x64.Build.0 = Release|x64
		{82D51B3D-9BEC-41B5-8DC5-7A02B66BE254}.Release|x86.ActiveCfg = Release|Win32
		{82D51B3D-9BEC-41B5-8DC5-7A02B66BE254}.Release|x86.Build.0 = Release|Win32
		{92E616F1-608F-42D9-B2E2-7DA8BD373E9A}.Debug|x64.ActiveCfg = Debug|x64
		{92E616F1-608F-42D9-B2E2-7DA8BD373E9A}.Debug|x64.Build.0 = Debug|x64
		{92E616F1-608F-42D9-B2E2-7DA8BD373E9A}.Debug|x86.ActiveCfg = Debug|Win32
		{92E616F1-608F-42D9-B2E2-7DA8BD373E9A}.Debug|x86.Build.0 = Debug|Win32
		{92E616F1-608F-42D9-B2E2-7DA8BD373E9A}.Release|x64.ActiveCfg = Release|x64
		{92E616F1-608F-42D9-B2E2-7DA8BD373E9A}.Release|x64.Build.0 = Release|x64
		{92E616F1-608F-42D9-B2E2-7DA8BD373E9A}.Release|x86.ActiveCfg = Release|Win32
		{92E616F1-608F-42D9-B2E2-7DA8BD373E9A}.Release|x86.Build.0 = Release|Win32
		{D883F434-1ECE-4032-B3C2-69012D071FED}.Debug|x64.ActiveCfg = Debug|x64
		{D883F434-1ECE-4032-B3C2-69012D071FED}.Debug|x64.Build.0 = Debug|x64
		{D883F434-1ECE-4032-B3C2-69012D071FED}.Debug|x86.ActiveCfg = Debug|Win32
		{D883F434-1ECE-4032-B3C2-69012D071FED}.Debug|x86.Build.0 = Debug|Win32
		{D883F434-1ECE-4032-B3C2-69012D071FED}.Release|x64.ActiveCfg = Release|x64
		{D883F434-1ECE-4032-B3C2-69012D071FED}.Release|x64.Build.0 = Release|x64
		{D883F434-1ECE-4032-B3C2-69012D071FED}.Release|x86.ActiveCfg = Release|Win32
		{D883F434-1ECE-4032-B3C2-69012D071FED}.Release|x86.Build.0 = Release|Win32
		{3065CF0F-B410-401B-B6F0-CE9D7DF90B62}.Debug|x64.ActiveCfg = Debug|x64
		{3065CF0F-B410-401B-B6F0-CE9D7DF90B62}.Debug|x64.Build.0 = Debug|x64
		{3065CF0F-B410-401B-B6F0-CE9D7DF90B62}.Debug|x86.ActiveCfg = Debug|Win32
		{3065CF0F-B410-401B-B6F0-CE9D7DF90B62}.Debug|x86.Build.0 = Debug|Win32
		{3065CF0F-B410-401B-B6F0-CE9D7DF90B62}.Release|x64.ActiveCfg = Release|x64
		{3065CF0F-B410-401B-B6F0-CE9D7DF90B62}.Release|x64.Build.0 = Release|x64
		{3065CF0F-B410-401B-B6F0-CE9D7DF90B62}.Release|x86.ActiveCfg = Release|Win32
		{3065CF0F-B410-401B-B6F0-CE9D7DF90B62}.Release|x86.Build.0 = Release|Win32
		{E3AEF355-44A7-4809-B7BE-420577B0DD7B}.Debug|x64.ActiveCfg = Debug|x64
		{E3AEF355-44A7-4809-B7BE-420577B0DD7B}.Debug|x64.Build.0 = Debug|x64
		{E3AEF355-44A7-4809-B7BE-420577B0DD7B}.Debug|x86.ActiveCfg = Debug|Win32
		{E3AEF355-44A7-4809-B7BE-420577B0DD7B}.Debug|x86.Build.0 = Debug|Win32
		{E3AEF355-44A7-4809-B7BE-420577B0DD7B}.Release|x64.ActiveCfg = Release|x64
		{E3AEF355-44A7-4809-B7BE-420577B0DD7B}.Release|x64.Build.0 = Release|x64
		{E3AEF355-44A7-4809-B7BE-420577B0DD7B}.Release|x86.ActiveCfg = Release|Win32
		{E3AEF355-44A7-4809-B7BE-420577B0DD7B}.Release|x86.Build.0 = Release|Win32
		{2184A9F9-A239-41BC-827A-E26718B3B0C5}.Debug|x64.ActiveCfg = Debug|x64
		{2184A9F9-A239-41BC-827A-E26718B3B0C5}.Debug|x64.Build.0 = Debug|x64
		{2184A9F9-A239-41BC-827A-E26718B3B0C5}.Debug|x86.ActiveCfg = Debug|Win32
		{2184A9F9-A239-41BC-827A-E26718B3B0C5}.Debug|x86.Build.0 = Debug|Win32
		{2184A9F9-A239-41BC-827A-E26718B3B0C5}.Release|x64.ActiveCfg = Release|x64
		{2184A9F9-A239-41BC-827A-E26718B3B0C5}.Release|x64.Build.0 = Release|x64
		{2184A9F9-A239-41BC-827A-E26718B3B0C5}.Release|x86.ActiveCfg = Release|Win32
		{2184A9F9-A239-41BC-827A-E26718B3B0C5}.Release|x86.Build.0 = Release|Win32
		{706E9FC2-0BEA-4EEF-BFFA-148A7FBFF816}.Debug|x64.ActiveCfg = Debug|x64
		{706E9FC2-0BEA-4EEF-BFFA-148A7FBFF816}.Debug|x64.Build.0 = Debug|x64
		{706E9FC2-0BEA-4EEF-BFFA-148A7FBFF816}.Debug|x86.ActiveCfg = Debug|Win32
		{706E9FC2-0BEA-4EEF-BFFA-148A7FBFF816}.Debug|x86.Build.0 = Debug|Win32
		{706E9FC2-0BEA-4EEF-BFFA-148A7FBFF816}.Release|x64.ActiveCfg = Release|x64
		{706E9FC2-0BEA-4EEF-BFFA-148A7FBFF816}.Release|x64.Build.0 = Release|x64
		{706E9FC2-0BEA-4EEF-BFFA-148A7FBFF816}.Release|x86.ActiveCfg = Release|Win32
		{706E9FC2-0BEA-4EEF-BFFA-148A7FBFF816}.Release|x86.Build.0 = Release|Win32
	EndGlobalSection
	GlobalSection(SolutionProperties) = preSolution
		HideSolutionNode = FALSE
	EndGlobalSection
EndGlobal
